Microsoft Visual Studio Solution File, Format Version 12.00
# Visual Studio 16
Project("{8BC9CEB8-8B4A-11D0-8D11-00A0C91BC942}") = "ALL_BUILD", "ALL_BUILD.vcxproj", "{A730E36D-DB1A-3E10-8ACA-C350B9BA968B}"
	ProjectSection(ProjectDependencies) = postProject
		{2DDFD159-FF30-3964-8F44-56441FDD059D} = {2DDFD159-FF30-3964-8F44-56441FDD059D}
		{8C74419E-E3B2-323D-9FFC-002823B71F96} = {8C74419E-E3B2-323D-9FFC-002823B71F96}
		{E47CEFC6-5676-39C5-9A84-47EA522EC819} = {E47CEFC6-5676-39C5-9A84-47EA522EC819}
		{50EB2512-31EA-32D5-87D3-67E4A8875B1C} = {50EB2512-31EA-32D5-87D3-67E4A8875B1C}
		{29F66893-E4DE-30A6-99F0-66D1C733A90F} = {29F66893-E4DE-30A6-99F0-66D1C733A90F}
		{17BC87C8-A56D-31B7-A111-736795F090FF} = {17BC87C8-A56D-31B7-A111-736795F090FF}
		{0496BEF8-AAC7-35FA-9F59-B47132309910} = {0496BEF8-AAC7-35FA-9F59-B47132309910}
		{494A2794-09F6-35E6-A33F-AB28C962C08A} = {494A2794-09F6-35E6-A33F-AB28C962C08A}
		{9D91CEC7-0C4A-3240-94B4-1B1285F60833} = {9D91CEC7-0C4A-3240-94B4-1B1285F60833}
		{7C33468F-065A-3DAE-939A-201EFDB65B4A} = {7C33468F-065A-3DAE-939A-201EFDB65B4A}
		{083EB27C-DF42-3EBE-AE6C-25819EB12932} = {083EB27C-DF42-3EBE-AE6C-25819EB12932}
		{A3018A4E-56F6-3F4C-9B74-545DF8D5CFCA} = {A3018A4E-56F6-3F4C-9B74-545DF8D5CFCA}
		{AA5C00DB-AC16-3FEE-BF6E-FA2C8DE39657} = {AA5C00DB-AC16-3FEE-BF6E-FA2C8DE39657}
		{38170F60-CBDB-388A-A775-BF88E6356455} = {38170F60-CBDB-388A-A775-BF88E6356455}
		{2C15980F-5CD3-331E-8CF8-55AA8948D134} = {2C15980F-5CD3-331E-8CF8-55AA8948D134}
		{F916A0D8-DE6A-3D4C-A040-7DBE94FFC514} = {F916A0D8-DE6A-3D4C-A040-7DBE94FFC514}
		{9BC6E2B1-98D4-38BB-A2E4-9266F574433A} = {9BC6E2B1-98D4-38BB-A2E4-9266F574433A}
		{A25971A3-3793-36A0-BFE3-A9D3C94C347F} = {A25971A3-3793-36A0-BFE3-A9D3C94C347F}
		{39735D07-22E9-39B2-8660-E567C3C04A41} = {39735D07-22E9-39B2-8660-E567C3C04A41}
		{D0369925-06C0-3634-B834-84BEE39FF2E9} = {D0369925-06C0-3634-B834-84BEE39FF2E9}
		{357C0E01-C26D-3CF8-87E2-0BA7E96121EA} = {357C0E01-C26D-3CF8-87E2-0BA7E96121EA}
		{610076E5-14D5-38B9-B72F-102ED3A0A68D} = {610076E5-14D5-38B9-B72F-102ED3A0A68D}
		{4FC656E6-6195-3B1C-BAD7-FC456C9FA610} = {4FC656E6-6195-3B1C-BAD7-FC456C9FA610}
		{422FFA9E-2FE1-3320-8F36-28C1B1478B6F} = {422FFA9E-2FE1-3320-8F36-28C1B1478B6F}
		{086A290C-40F9-3775-A925-14DF75C9014D} = {086A290C-40F9-3775-A925-14DF75C9014D}
		{92BA424C-59C0-3E86-A08A-09436C4ED2D8} = {92BA424C-59C0-3E86-A08A-09436C4ED2D8}
		{3621E2C6-02E1-3582-BAEA-A1206D5AD0E9} = {3621E2C6-02E1-3582-BAEA-A1206D5AD0E9}
		{1AD609CB-1B0B-34D0-B8A3-749F9FC02262} = {1AD609CB-1B0B-34D0-B8A3-749F9FC02262}
		{56052C93-F665-3C8C-BA6F-9DD5D935CA49} = {56052C93-F665-3C8C-BA6F-9DD5D935CA49}
		{A63E7337-6FA4-3A5C-97CF-9AA0E50994AD} = {A63E7337-6FA4-3A5C-97CF-9AA0E50994AD}
		{50C7B0B9-7EC4-3453-AAAF-7FE16AA8A03C} = {50C7B0B9-7EC4-3453-AAAF-7FE16AA8A03C}
		{212A1B6B-1EA2-3E0B-A13E-7650402CE6B9} = {212A1B6B-1EA2-3E0B-A13E-7650402CE6B9}
		{037640F2-5AFB-3E24-8288-397C132FA956} = {037640F2-5AFB-3E24-8288-397C132FA956}
		{0BBDEEA4-DE63-358B-8308-0921EA626764} = {0BBDEEA4-DE63-358B-8308-0921EA626764}
		{C6919792-F67C-30FF-9FC5-48C48A93D636} = {C6919792-F67C-30FF-9FC5-48C48A93D636}
		{1872F6D6-CD3D-375B-92D5-1780D54EDCAB} = {1872F6D6-CD3D-375B-92D5-1780D54EDCAB}
		{827F31CA-389B-3253-96AF-40A798975384} = {827F31CA-389B-3253-96AF-40A798975384}
		{5EE0075B-6303-31C6-83EC-A044A6A79811} = {5EE0075B-6303-31C6-83EC-A044A6A79811}
		{5B290EAE-7E9D-3ECA-A80B-C875E2550719} = {5B290EAE-7E9D-3ECA-A80B-C875E2550719}
		{80A6991E-091D-37FA-BC5A-0F98447D28C5} = {80A6991E-091D-37FA-BC5A-0F98447D28C5}
	EndProjectSection
EndProject
Project("{8BC9CEB8-8B4A-11D0-8D11-00A0C91BC942}") = "INSTALL", "INSTALL.vcxproj", "{E07C47B6-8651-38A4-ADC6-C12D2C05022E}"
	ProjectSection(ProjectDependencies) = postProject
		{A730E36D-DB1A-3E10-8ACA-C350B9BA968B} = {A730E36D-DB1A-3E10-8ACA-C350B9BA968B}
		{2DDFD159-FF30-3964-8F44-56441FDD059D} = {2DDFD159-FF30-3964-8F44-56441FDD059D}
	EndProjectSection
EndProject
Project("{8BC9CEB8-8B4A-11D0-8D11-00A0C91BC942}") = "RUN_TESTS", "RUN_TESTS.vcxproj", "{9586FEC2-B6D2-367B-AD74-BCB612F01990}"
	ProjectSection(ProjectDependencies) = postProject
		{2DDFD159-FF30-3964-8F44-56441FDD059D} = {2DDFD159-FF30-3964-8F44-56441FDD059D}
	EndProjectSection
EndProject
Project("{8BC9CEB8-8B4A-11D0-8D11-00A0C91BC942}") = "ZERO_CHECK", "ZERO_CHECK.vcxproj", "{2DDFD159-FF30-3964-8F44-56441FDD059D}"
	ProjectSection(ProjectDependencies) = postProject
	EndProjectSection
EndProject
Project("{8BC9CEB8-8B4A-11D0-8D11-00A0C91BC942}") = "addtiffo", "contrib\addtiffo\addtiffo.vcxproj", "{8C74419E-E3B2-323D-9FFC-002823B71F96}"
	ProjectSection(ProjectDependencies) = postProject
		{2DDFD159-FF30-3964-8F44-56441FDD059D} = {2DDFD159-FF30-3964-8F44-56441FDD059D}
		{AA5C00DB-AC16-3FEE-BF6E-FA2C8DE39657} = {AA5C00DB-AC16-3FEE-BF6E-FA2C8DE39657}
		{610076E5-14D5-38B9-B72F-102ED3A0A68D} = {610076E5-14D5-38B9-B72F-102ED3A0A68D}
	EndProjectSection
EndProject
Project("{8BC9CEB8-8B4A-11D0-8D11-00A0C91BC942}") = "ascii_tag", "test\ascii_tag.vcxproj", "{E47CEFC6-5676-39C5-9A84-47EA522EC819}"
	ProjectSection(ProjectDependencies) = postProject
		{2DDFD159-FF30-3964-8F44-56441FDD059D} = {2DDFD159-FF30-3964-8F44-56441FDD059D}
		{AA5C00DB-AC16-3FEE-BF6E-FA2C8DE39657} = {AA5C00DB-AC16-3FEE-BF6E-FA2C8DE39657}
		{610076E5-14D5-38B9-B72F-102ED3A0A68D} = {610076E5-14D5-38B9-B72F-102ED3A0A68D}
	EndProjectSection
EndProject
Project("{8BC9CEB8-8B4A-11D0-8D11-00A0C91BC942}") = "custom_dir", "test\custom_dir.vcxproj", "{50EB2512-31EA-32D5-87D3-67E4A8875B1C}"
	ProjectSection(ProjectDependencies) = postProject
		{2DDFD159-FF30-3964-8F44-56441FDD059D} = {2DDFD159-FF30-3964-8F44-56441FDD059D}
		{AA5C00DB-AC16-3FEE-BF6E-FA2C8DE39657} = {AA5C00DB-AC16-3FEE-BF6E-FA2C8DE39657}
		{610076E5-14D5-38B9-B72F-102ED3A0A68D} = {610076E5-14D5-38B9-B72F-102ED3A0A68D}
	EndProjectSection
EndProject
Project("{8BC9CEB8-8B4A-11D0-8D11-00A0C91BC942}") = "defer_strile_loading", "test\defer_strile_loading.vcxproj", "{29F66893-E4DE-30A6-99F0-66D1C733A90F}"
	ProjectSection(ProjectDependencies) = postProject
		{2DDFD159-FF30-3964-8F44-56441FDD059D} = {2DDFD159-FF30-3964-8F44-56441FDD059D}
		{AA5C00DB-AC16-3FEE-BF6E-FA2C8DE39657} = {AA5C00DB-AC16-3FEE-BF6E-FA2C8DE39657}
		{610076E5-14D5-38B9-B72F-102ED3A0A68D} = {610076E5-14D5-38B9-B72F-102ED3A0A68D}
	EndProjectSection
EndProject
Project("{8BC9CEB8-8B4A-11D0-8D11-00A0C91BC942}") = "defer_strile_writing", "test\defer_strile_writing.vcxproj", "{17BC87C8-A56D-31B7-A111-736795F090FF}"
	ProjectSection(ProjectDependencies) = postProject
		{2DDFD159-FF30-3964-8F44-56441FDD059D} = {2DDFD159-FF30-3964-8F44-56441FDD059D}
		{AA5C00DB-AC16-3FEE-BF6E-FA2C8DE39657} = {AA5C00DB-AC16-3FEE-BF6E-FA2C8DE39657}
		{610076E5-14D5-38B9-B72F-102ED3A0A68D} = {610076E5-14D5-38B9-B72F-102ED3A0A68D}
	EndProjectSection
EndProject
Project("{8BC9CEB8-8B4A-11D0-8D11-00A0C91BC942}") = "fax2ps", "tools\fax2ps.vcxproj", "{0496BEF8-AAC7-35FA-9F59-B47132309910}"
	ProjectSection(ProjectDependencies) = postProject
		{2DDFD159-FF30-3964-8F44-56441FDD059D} = {2DDFD159-FF30-3964-8F44-56441FDD059D}
		{AA5C00DB-AC16-3FEE-BF6E-FA2C8DE39657} = {AA5C00DB-AC16-3FEE-BF6E-FA2C8DE39657}
		{610076E5-14D5-38B9-B72F-102ED3A0A68D} = {610076E5-14D5-38B9-B72F-102ED3A0A68D}
	EndProjectSection
EndProject
Project("{8BC9CEB8-8B4A-11D0-8D11-00A0C91BC942}") = "fax2tiff", "tools\fax2tiff.vcxproj", "{494A2794-09F6-35E6-A33F-AB28C962C08A}"
	ProjectSection(ProjectDependencies) = postProject
		{2DDFD159-FF30-3964-8F44-56441FDD059D} = {2DDFD159-FF30-3964-8F44-56441FDD059D}
		{AA5C00DB-AC16-3FEE-BF6E-FA2C8DE39657} = {AA5C00DB-AC16-3FEE-BF6E-FA2C8DE39657}
		{610076E5-14D5-38B9-B72F-102ED3A0A68D} = {610076E5-14D5-38B9-B72F-102ED3A0A68D}
	EndProjectSection
EndProject
Project("{8BC9CEB8-8B4A-11D0-8D11-00A0C91BC942}") = "faxtable", "libtiff\faxtable.vcxproj", "{7B6E50E3-8965-362B-91EA-241EED463659}"
	ProjectSection(ProjectDependencies) = postProject
		{2DDFD159-FF30-3964-8F44-56441FDD059D} = {2DDFD159-FF30-3964-8F44-56441FDD059D}
		{083EB27C-DF42-3EBE-AE6C-25819EB12932} = {083EB27C-DF42-3EBE-AE6C-25819EB12932}
	EndProjectSection
EndProject
Project("{8BC9CEB8-8B4A-11D0-8D11-00A0C91BC942}") = "htmldoc", "html\man\htmldoc.vcxproj", "{9A39D5A0-D1F8-352D-A720-71CA833D3187}"
	ProjectSection(ProjectDependencies) = postProject
		{2DDFD159-FF30-3964-8F44-56441FDD059D} = {2DDFD159-FF30-3964-8F44-56441FDD059D}
	EndProjectSection
EndProject
Project("{8BC9CEB8-8B4A-11D0-8D11-00A0C91BC942}") = "iptcutil", "contrib\iptcutil\iptcutil.vcxproj", "{9D91CEC7-0C4A-3240-94B4-1B1285F60833}"
	ProjectSection(ProjectDependencies) = postProject
		{2DDFD159-FF30-3964-8F44-56441FDD059D} = {2DDFD159-FF30-3964-8F44-56441FDD059D}
		{AA5C00DB-AC16-3FEE-BF6E-FA2C8DE39657} = {AA5C00DB-AC16-3FEE-BF6E-FA2C8DE39657}
		{610076E5-14D5-38B9-B72F-102ED3A0A68D} = {610076E5-14D5-38B9-B72F-102ED3A0A68D}
	EndProjectSection
EndProject
Project("{8BC9CEB8-8B4A-11D0-8D11-00A0C91BC942}") = "long_tag", "test\long_tag.vcxproj", "{7C33468F-065A-3DAE-939A-201EFDB65B4A}"
	ProjectSection(ProjectDependencies) = postProject
		{2DDFD159-FF30-3964-8F44-56441FDD059D} = {2DDFD159-FF30-3964-8F44-56441FDD059D}
		{AA5C00DB-AC16-3FEE-BF6E-FA2C8DE39657} = {AA5C00DB-AC16-3FEE-BF6E-FA2C8DE39657}
		{610076E5-14D5-38B9-B72F-102ED3A0A68D} = {610076E5-14D5-38B9-B72F-102ED3A0A68D}
	EndProjectSection
EndProject
Project("{8BC9CEB8-8B4A-11D0-8D11-00A0C91BC942}") = "mkg3states", "libtiff\mkg3states.vcxproj", "{083EB27C-DF42-3EBE-AE6C-25819EB12932}"
	ProjectSection(ProjectDependencies) = postProject
		{2DDFD159-FF30-3964-8F44-56441FDD059D} = {2DDFD159-FF30-3964-8F44-56441FDD059D}
		{AA5C00DB-AC16-3FEE-BF6E-FA2C8DE39657} = {AA5C00DB-AC16-3FEE-BF6E-FA2C8DE39657}
		{610076E5-14D5-38B9-B72F-102ED3A0A68D} = {610076E5-14D5-38B9-B72F-102ED3A0A68D}
	EndProjectSection
EndProject
Project("{8BC9CEB8-8B4A-11D0-8D11-00A0C91BC942}") = "pal2rgb", "tools\pal2rgb.vcxproj", "{A3018A4E-56F6-3F4C-9B74-545DF8D5CFCA}"
	ProjectSection(ProjectDependencies) = postProject
		{2DDFD159-FF30-3964-8F44-56441FDD059D} = {2DDFD159-FF30-3964-8F44-56441FDD059D}
		{AA5C00DB-AC16-3FEE-BF6E-FA2C8DE39657} = {AA5C00DB-AC16-3FEE-BF6E-FA2C8DE39657}
		{610076E5-14D5-38B9-B72F-102ED3A0A68D} = {610076E5-14D5-38B9-B72F-102ED3A0A68D}
	EndProjectSection
EndProject
Project("{8BC9CEB8-8B4A-11D0-8D11-00A0C91BC942}") = "port", "port\port.vcxproj", "{AA5C00DB-AC16-3FEE-BF6E-FA2C8DE39657}"
	ProjectSection(ProjectDependencies) = postProject
		{2DDFD159-FF30-3964-8F44-56441FDD059D} = {2DDFD159-FF30-3964-8F44-56441FDD059D}
	EndProjectSection
EndProject
Project("{8BC9CEB8-8B4A-11D0-8D11-00A0C91BC942}") = "ppm2tiff", "tools\ppm2tiff.vcxproj", "{38170F60-CBDB-388A-A775-BF88E6356455}"
	ProjectSection(ProjectDependencies) = postProject
		{2DDFD159-FF30-3964-8F44-56441FDD059D} = {2DDFD159-FF30-3964-8F44-56441FDD059D}
		{AA5C00DB-AC16-3FEE-BF6E-FA2C8DE39657} = {AA5C00DB-AC16-3FEE-BF6E-FA2C8DE39657}
		{610076E5-14D5-38B9-B72F-102ED3A0A68D} = {610076E5-14D5-38B9-B72F-102ED3A0A68D}
	EndProjectSection
EndProject
Project("{8BC9CEB8-8B4A-11D0-8D11-00A0C91BC942}") = "raw2tiff", "tools\raw2tiff.vcxproj", "{2C15980F-5CD3-331E-8CF8-55AA8948D134}"
	ProjectSection(ProjectDependencies) = postProject
		{2DDFD159-FF30-3964-8F44-56441FDD059D} = {2DDFD159-FF30-3964-8F44-56441FDD059D}
		{AA5C00DB-AC16-3FEE-BF6E-FA2C8DE39657} = {AA5C00DB-AC16-3FEE-BF6E-FA2C8DE39657}
		{610076E5-14D5-38B9-B72F-102ED3A0A68D} = {610076E5-14D5-38B9-B72F-102ED3A0A68D}
	EndProjectSection
EndProject
Project("{8BC9CEB8-8B4A-11D0-8D11-00A0C91BC942}") = "release", "release.vcxproj", "{25086E74-FCE4-3404-A004-1581B9861901}"
	ProjectSection(ProjectDependencies) = postProject
		{2DDFD159-FF30-3964-8F44-56441FDD059D} = {2DDFD159-FF30-3964-8F44-56441FDD059D}
	EndProjectSection
EndProject
Project("{8BC9CEB8-8B4A-11D0-8D11-00A0C91BC942}") = "rewrite", "test\rewrite.vcxproj", "{F916A0D8-DE6A-3D4C-A040-7DBE94FFC514}"
	ProjectSection(ProjectDependencies) = postProject
		{2DDFD159-FF30-3964-8F44-56441FDD059D} = {2DDFD159-FF30-3964-8F44-56441FDD059D}
		{AA5C00DB-AC16-3FEE-BF6E-FA2C8DE39657} = {AA5C00DB-AC16-3FEE-BF6E-FA2C8DE39657}
		{610076E5-14D5-38B9-B72F-102ED3A0A68D} = {610076E5-14D5-38B9-B72F-102ED3A0A68D}
	EndProjectSection
EndProject
Project("{8BC9CEB8-8B4A-11D0-8D11-00A0C91BC942}") = "rgb2ycbcr", "tools\rgb2ycbcr.vcxproj", "{9BC6E2B1-98D4-38BB-A2E4-9266F574433A}"
	ProjectSection(ProjectDependencies) = postProject
		{2DDFD159-FF30-3964-8F44-56441FDD059D} = {2DDFD159-FF30-3964-8F44-56441FDD059D}
		{AA5C00DB-AC16-3FEE-BF6E-FA2C8DE39657} = {AA5C00DB-AC16-3FEE-BF6E-FA2C8DE39657}
		{610076E5-14D5-38B9-B72F-102ED3A0A68D} = {610076E5-14D5-38B9-B72F-102ED3A0A68D}
	EndProjectSection
EndProject
Project("{8BC9CEB8-8B4A-11D0-8D11-00A0C91BC942}") = "short_tag", "test\short_tag.vcxproj", "{A25971A3-3793-36A0-BFE3-A9D3C94C347F}"
	ProjectSection(ProjectDependencies) = postProject
		{2DDFD159-FF30-3964-8F44-56441FDD059D} = {2DDFD159-FF30-3964-8F44-56441FDD059D}
		{AA5C00DB-AC16-3FEE-BF6E-FA2C8DE39657} = {AA5C00DB-AC16-3FEE-BF6E-FA2C8DE39657}
		{610076E5-14D5-38B9-B72F-102ED3A0A68D} = {610076E5-14D5-38B9-B72F-102ED3A0A68D}
	EndProjectSection
EndProject
Project("{8BC9CEB8-8B4A-11D0-8D11-00A0C91BC942}") = "strip_rw", "test\strip_rw.vcxproj", "{39735D07-22E9-39B2-8660-E567C3C04A41}"
	ProjectSection(ProjectDependencies) = postProject
		{2DDFD159-FF30-3964-8F44-56441FDD059D} = {2DDFD159-FF30-3964-8F44-56441FDD059D}
		{AA5C00DB-AC16-3FEE-BF6E-FA2C8DE39657} = {AA5C00DB-AC16-3FEE-BF6E-FA2C8DE39657}
		{610076E5-14D5-38B9-B72F-102ED3A0A68D} = {610076E5-14D5-38B9-B72F-102ED3A0A68D}
	EndProjectSection
EndProject
Project("{8BC9CEB8-8B4A-11D0-8D11-00A0C91BC942}") = "testtypes", "test\testtypes.vcxproj", "{D0369925-06C0-3634-B834-84BEE39FF2E9}"
	ProjectSection(ProjectDependencies) = postProject
		{2DDFD159-FF30-3964-8F44-56441FDD059D} = {2DDFD159-FF30-3964-8F44-56441FDD059D}
		{AA5C00DB-AC16-3FEE-BF6E-FA2C8DE39657} = {AA5C00DB-AC16-3FEE-BF6E-FA2C8DE39657}
		{610076E5-14D5-38B9-B72F-102ED3A0A68D} = {610076E5-14D5-38B9-B72F-102ED3A0A68D}
	EndProjectSection
EndProject
Project("{8BC9CEB8-8B4A-11D0-8D11-00A0C91BC942}") = "thumbnail", "tools\thumbnail.vcxproj", "{357C0E01-C26D-3CF8-87E2-0BA7E96121EA}"
	ProjectSection(ProjectDependencies) = postProject
		{2DDFD159-FF30-3964-8F44-56441FDD059D} = {2DDFD159-FF30-3964-8F44-56441FDD059D}
		{AA5C00DB-AC16-3FEE-BF6E-FA2C8DE39657} = {AA5C00DB-AC16-3FEE-BF6E-FA2C8DE39657}
		{610076E5-14D5-38B9-B72F-102ED3A0A68D} = {610076E5-14D5-38B9-B72F-102ED3A0A68D}
	EndProjectSection
EndProject
Project("{8BC9CEB8-8B4A-11D0-8D11-00A0C91BC942}") = "tiff", "libtiff\tiff.vcxproj", "{610076E5-14D5-38B9-B72F-102ED3A0A68D}"
	ProjectSection(ProjectDependencies) = postProject
		{2DDFD159-FF30-3964-8F44-56441FDD059D} = {2DDFD159-FF30-3964-8F44-56441FDD059D}
	EndProjectSection
EndProject
Project("{8BC9CEB8-8B4A-11D0-8D11-00A0C91BC942}") = "tiff-bi", "contrib\dbs\tiff-bi.vcxproj", "{4FC656E6-6195-3B1C-BAD7-FC456C9FA610}"
	ProjectSection(ProjectDependencies) = postProject
		{2DDFD159-FF30-3964-8F44-56441FDD059D} = {2DDFD159-FF30-3964-8F44-56441FDD059D}
		{AA5C00DB-AC16-3FEE-BF6E-FA2C8DE39657} = {AA5C00DB-AC16-3FEE-BF6E-FA2C8DE39657}
		{610076E5-14D5-38B9-B72F-102ED3A0A68D} = {610076E5-14D5-38B9-B72F-102ED3A0A68D}
	EndProjectSection
EndProject
Project("{8BC9CEB8-8B4A-11D0-8D11-00A0C91BC942}") = "tiff-grayscale", "contrib\dbs\tiff-grayscale.vcxproj", "{422FFA9E-2FE1-3320-8F36-28C1B1478B6F}"
	ProjectSection(ProjectDependencies) = postProject
		{2DDFD159-FF30-3964-8F44-56441FDD059D} = {2DDFD159-FF30-3964-8F44-56441FDD059D}
		{AA5C00DB-AC16-3FEE-BF6E-FA2C8DE39657} = {AA5C00DB-AC16-3FEE-BF6E-FA2C8DE39657}
		{610076E5-14D5-38B9-B72F-102ED3A0A68D} = {610076E5-14D5-38B9-B72F-102ED3A0A68D}
	EndProjectSection
EndProject
Project("{8BC9CEB8-8B4A-11D0-8D11-00A0C91BC942}") = "tiff-palette", "contrib\dbs\tiff-palette.vcxproj", "{086A290C-40F9-3775-A925-14DF75C9014D}"
	ProjectSection(ProjectDependencies) = postProject
		{2DDFD159-FF30-3964-8F44-56441FDD059D} = {2DDFD159-FF30-3964-8F44-56441FDD059D}
		{AA5C00DB-AC16-3FEE-BF6E-FA2C8DE39657} = {AA5C00DB-AC16-3FEE-BF6E-FA2C8DE39657}
		{610076E5-14D5-38B9-B72F-102ED3A0A68D} = {610076E5-14D5-38B9-B72F-102ED3A0A68D}
	EndProjectSection
EndProject
Project("{8BC9CEB8-8B4A-11D0-8D11-00A0C91BC942}") = "tiff-rgb", "contrib\dbs\tiff-rgb.vcxproj", "{92BA424C-59C0-3E86-A08A-09436C4ED2D8}"
	ProjectSection(ProjectDependencies) = postProject
		{2DDFD159-FF30-3964-8F44-56441FDD059D} = {2DDFD159-FF30-3964-8F44-56441FDD059D}
		{AA5C00DB-AC16-3FEE-BF6E-FA2C8DE39657} = {AA5C00DB-AC16-3FEE-BF6E-FA2C8DE39657}
		{610076E5-14D5-38B9-B72F-102ED3A0A68D} = {610076E5-14D5-38B9-B72F-102ED3A0A68D}
	EndProjectSection
EndProject
Project("{8BC9CEB8-8B4A-11D0-8D11-00A0C91BC942}") = "tiff2bw", "tools\tiff2bw.vcxproj", "{3621E2C6-02E1-3582-BAEA-A1206D5AD0E9}"
	ProjectSection(ProjectDependencies) = postProject
		{2DDFD159-FF30-3964-8F44-56441FDD059D} = {2DDFD159-FF30-3964-8F44-56441FDD059D}
		{AA5C00DB-AC16-3FEE-BF6E-FA2C8DE39657} = {AA5C00DB-AC16-3FEE-BF6E-FA2C8DE39657}
		{610076E5-14D5-38B9-B72F-102ED3A0A68D} = {610076E5-14D5-38B9-B72F-102ED3A0A68D}
	EndProjectSection
EndProject
Project("{8BC9CEB8-8B4A-11D0-8D11-00A0C91BC942}") = "tiff2pdf", "tools\tiff2pdf.vcxproj", "{1AD609CB-1B0B-34D0-B8A3-749F9FC02262}"
	ProjectSection(ProjectDependencies) = postProject
		{2DDFD159-FF30-3964-8F44-56441FDD059D} = {2DDFD159-FF30-3964-8F44-56441FDD059D}
		{AA5C00DB-AC16-3FEE-BF6E-FA2C8DE39657} = {AA5C00DB-AC16-3FEE-BF6E-FA2C8DE39657}
		{610076E5-14D5-38B9-B72F-102ED3A0A68D} = {610076E5-14D5-38B9-B72F-102ED3A0A68D}
	EndProjectSection
EndProject
Project("{8BC9CEB8-8B4A-11D0-8D11-00A0C91BC942}") = "tiff2ps", "tools\tiff2ps.vcxproj", "{56052C93-F665-3C8C-BA6F-9DD5D935CA49}"
	ProjectSection(ProjectDependencies) = postProject
		{2DDFD159-FF30-3964-8F44-56441FDD059D} = {2DDFD159-FF30-3964-8F44-56441FDD059D}
		{AA5C00DB-AC16-3FEE-BF6E-FA2C8DE39657} = {AA5C00DB-AC16-3FEE-BF6E-FA2C8DE39657}
		{610076E5-14D5-38B9-B72F-102ED3A0A68D} = {610076E5-14D5-38B9-B72F-102ED3A0A68D}
	EndProjectSection
EndProject
Project("{8BC9CEB8-8B4A-11D0-8D11-00A0C91BC942}") = "tiff2rgba", "tools\tiff2rgba.vcxproj", "{A63E7337-6FA4-3A5C-97CF-9AA0E50994AD}"
	ProjectSection(ProjectDependencies) = postProject
		{2DDFD159-FF30-3964-8F44-56441FDD059D} = {2DDFD159-FF30-3964-8F44-56441FDD059D}
		{AA5C00DB-AC16-3FEE-BF6E-FA2C8DE39657} = {AA5C00DB-AC16-3FEE-BF6E-FA2C8DE39657}
		{610076E5-14D5-38B9-B72F-102ED3A0A68D} = {610076E5-14D5-38B9-B72F-102ED3A0A68D}
	EndProjectSection
EndProject
Project("{8BC9CEB8-8B4A-11D0-8D11-00A0C91BC942}") = "tiffcmp", "tools\tiffcmp.vcxproj", "{50C7B0B9-7EC4-3453-AAAF-7FE16AA8A03C}"
	ProjectSection(ProjectDependencies) = postProject
		{2DDFD159-FF30-3964-8F44-56441FDD059D} = {2DDFD159-FF30-3964-8F44-56441FDD059D}
		{AA5C00DB-AC16-3FEE-BF6E-FA2C8DE39657} = {AA5C00DB-AC16-3FEE-BF6E-FA2C8DE39657}
		{610076E5-14D5-38B9-B72F-102ED3A0A68D} = {610076E5-14D5-38B9-B72F-102ED3A0A68D}
	EndProjectSection
EndProject
Project("{8BC9CEB8-8B4A-11D0-8D11-00A0C91BC942}") = "tiffcp", "tools\tiffcp.vcxproj", "{212A1B6B-1EA2-3E0B-A13E-7650402CE6B9}"
	ProjectSection(ProjectDependencies) = postProject
		{2DDFD159-FF30-3964-8F44-56441FDD059D} = {2DDFD159-FF30-3964-8F44-56441FDD059D}
		{AA5C00DB-AC16-3FEE-BF6E-FA2C8DE39657} = {AA5C00DB-AC16-3FEE-BF6E-FA2C8DE39657}
		{610076E5-14D5-38B9-B72F-102ED3A0A68D} = {610076E5-14D5-38B9-B72F-102ED3A0A68D}
	EndProjectSection
EndProject
Project("{8BC9CEB8-8B4A-11D0-8D11-00A0C91BC942}") = "tiffcrop", "tools\tiffcrop.vcxproj", "{037640F2-5AFB-3E24-8288-397C132FA956}"
	ProjectSection(ProjectDependencies) = postProject
		{2DDFD159-FF30-3964-8F44-56441FDD059D} = {2DDFD159-FF30-3964-8F44-56441FDD059D}
		{AA5C00DB-AC16-3FEE-BF6E-FA2C8DE39657} = {AA5C00DB-AC16-3FEE-BF6E-FA2C8DE39657}
		{610076E5-14D5-38B9-B72F-102ED3A0A68D} = {610076E5-14D5-38B9-B72F-102ED3A0A68D}
	EndProjectSection
EndProject
Project("{8BC9CEB8-8B4A-11D0-8D11-00A0C91BC942}") = "tiffdither", "tools\tiffdither.vcxproj", "{0BBDEEA4-DE63-358B-8308-0921EA626764}"
	ProjectSection(ProjectDependencies) = postProject
		{2DDFD159-FF30-3964-8F44-56441FDD059D} = {2DDFD159-FF30-3964-8F44-56441FDD059D}
		{AA5C00DB-AC16-3FEE-BF6E-FA2C8DE39657} = {AA5C00DB-AC16-3FEE-BF6E-FA2C8DE39657}
		{610076E5-14D5-38B9-B72F-102ED3A0A68D} = {610076E5-14D5-38B9-B72F-102ED3A0A68D}
	EndProjectSection
EndProject
Project("{8BC9CEB8-8B4A-11D0-8D11-00A0C91BC942}") = "tiffdump", "tools\tiffdump.vcxproj", "{C6919792-F67C-30FF-9FC5-48C48A93D636}"
	ProjectSection(ProjectDependencies) = postProject
		{2DDFD159-FF30-3964-8F44-56441FDD059D} = {2DDFD159-FF30-3964-8F44-56441FDD059D}
		{AA5C00DB-AC16-3FEE-BF6E-FA2C8DE39657} = {AA5C00DB-AC16-3FEE-BF6E-FA2C8DE39657}
		{610076E5-14D5-38B9-B72F-102ED3A0A68D} = {610076E5-14D5-38B9-B72F-102ED3A0A68D}
	EndProjectSection
EndProject
Project("{8BC9CEB8-8B4A-11D0-8D11-00A0C91BC942}") = "tiffinfo", "tools\tiffinfo.vcxproj", "{1872F6D6-CD3D-375B-92D5-1780D54EDCAB}"
	ProjectSection(ProjectDependencies) = postProject
		{2DDFD159-FF30-3964-8F44-56441FDD059D} = {2DDFD159-FF30-3964-8F44-56441FDD059D}
		{AA5C00DB-AC16-3FEE-BF6E-FA2C8DE39657} = {AA5C00DB-AC16-3FEE-BF6E-FA2C8DE39657}
		{610076E5-14D5-38B9-B72F-102ED3A0A68D} = {610076E5-14D5-38B9-B72F-102ED3A0A68D}
	EndProjectSection
EndProject
Project("{8BC9CEB8-8B4A-11D0-8D11-00A0C91BC942}") = "tiffmedian", "tools\tiffmedian.vcxproj", "{827F31CA-389B-3253-96AF-40A798975384}"
	ProjectSection(ProjectDependencies) = postProject
		{2DDFD159-FF30-3964-8F44-56441FDD059D} = {2DDFD159-FF30-3964-8F44-56441FDD059D}
		{AA5C00DB-AC16-3FEE-BF6E-FA2C8DE39657} = {AA5C00DB-AC16-3FEE-BF6E-FA2C8DE39657}
		{610076E5-14D5-38B9-B72F-102ED3A0A68D} = {610076E5-14D5-38B9-B72F-102ED3A0A68D}
	EndProjectSection
EndProject
Project("{8BC9CEB8-8B4A-11D0-8D11-00A0C91BC942}") = "tiffset", "tools\tiffset.vcxproj", "{5EE0075B-6303-31C6-83EC-A044A6A79811}"
	ProjectSection(ProjectDependencies) = postProject
		{2DDFD159-FF30-3964-8F44-56441FDD059D} = {2DDFD159-FF30-3964-8F44-56441FDD059D}
		{AA5C00DB-AC16-3FEE-BF6E-FA2C8DE39657} = {AA5C00DB-AC16-3FEE-BF6E-FA2C8DE39657}
		{610076E5-14D5-38B9-B72F-102ED3A0A68D} = {610076E5-14D5-38B9-B72F-102ED3A0A68D}
	EndProjectSection
EndProject
Project("{8BC9CEB8-8B4A-11D0-8D11-00A0C91BC942}") = "tiffsplit", "tools\tiffsplit.vcxproj", "{5B290EAE-7E9D-3ECA-A80B-C875E2550719}"
	ProjectSection(ProjectDependencies) = postProject
		{2DDFD159-FF30-3964-8F44-56441FDD059D} = {2DDFD159-FF30-3964-8F44-56441FDD059D}
		{AA5C00DB-AC16-3FEE-BF6E-FA2C8DE39657} = {AA5C00DB-AC16-3FEE-BF6E-FA2C8DE39657}
		{610076E5-14D5-38B9-B72F-102ED3A0A68D} = {610076E5-14D5-38B9-B72F-102ED3A0A68D}
	EndProjectSection
EndProject
Project("{8BC9CEB8-8B4A-11D0-8D11-00A0C91BC942}") = "tiffxx", "libtiff\tiffxx.vcxproj", "{80A6991E-091D-37FA-BC5A-0F98447D28C5}"
	ProjectSection(ProjectDependencies) = postProject
		{2DDFD159-FF30-3964-8F44-56441FDD059D} = {2DDFD159-FF30-3964-8F44-56441FDD059D}
		{610076E5-14D5-38B9-B72F-102ED3A0A68D} = {610076E5-14D5-38B9-B72F-102ED3A0A68D}
	EndProjectSection
EndProject
Global
	GlobalSection(SolutionConfigurationPlatforms) = preSolution
		Debug|x64 = Debug|x64
		Release|x64 = Release|x64
		MinSizeRel|x64 = MinSizeRel|x64
		RelWithDebInfo|x64 = RelWithDebInfo|x64
	EndGlobalSection
	GlobalSection(ProjectConfigurationPlatforms) = postSolution
		{A730E36D-DB1A-3E10-8ACA-C350B9BA968B}.Debug|x64.ActiveCfg = Debug|x64
		{A730E36D-DB1A-3E10-8ACA-C350B9BA968B}.Debug|x64.Build.0 = Debug|x64
		{A730E36D-DB1A-3E10-8ACA-C350B9BA968B}.Release|x64.ActiveCfg = Release|x64
		{A730E36D-DB1A-3E10-8ACA-C350B9BA968B}.Release|x64.Build.0 = Release|x64
		{A730E36D-DB1A-3E10-8ACA-C350B9BA968B}.MinSizeRel|x64.ActiveCfg = MinSizeRel|x64
		{A730E36D-DB1A-3E10-8ACA-C350B9BA968B}.MinSizeRel|x64.Build.0 = MinSizeRel|x64
		{A730E36D-DB1A-3E10-8ACA-C350B9BA968B}.RelWithDebInfo|x64.ActiveCfg = RelWithDebInfo|x64
		{A730E36D-DB1A-3E10-8ACA-C350B9BA968B}.RelWithDebInfo|x64.Build.0 = RelWithDebInfo|x64
		{E07C47B6-8651-38A4-ADC6-C12D2C05022E}.Debug|x64.ActiveCfg = Debug|x64
		{E07C47B6-8651-38A4-ADC6-C12D2C05022E}.Release|x64.ActiveCfg = Release|x64
		{E07C47B6-8651-38A4-ADC6-C12D2C05022E}.MinSizeRel|x64.ActiveCfg = MinSizeRel|x64
		{E07C47B6-8651-38A4-ADC6-C12D2C05022E}.RelWithDebInfo|x64.ActiveCfg = RelWithDebInfo|x64
		{9586FEC2-B6D2-367B-AD74-BCB612F01990}.Debug|x64.ActiveCfg = Debug|x64
		{9586FEC2-B6D2-367B-AD74-BCB612F01990}.Release|x64.ActiveCfg = Release|x64
		{9586FEC2-B6D2-367B-AD74-BCB612F01990}.MinSizeRel|x64.ActiveCfg = MinSizeRel|x64
		{9586FEC2-B6D2-367B-AD74-BCB612F01990}.RelWithDebInfo|x64.ActiveCfg = RelWithDebInfo|x64
		{2DDFD159-FF30-3964-8F44-56441FDD059D}.Debug|x64.ActiveCfg = Debug|x64
		{2DDFD159-FF30-3964-8F44-56441FDD059D}.Debug|x64.Build.0 = Debug|x64
		{2DDFD159-FF30-3964-8F44-56441FDD059D}.Release|x64.ActiveCfg = Release|x64
		{2DDFD159-FF30-3964-8F44-56441FDD059D}.Release|x64.Build.0 = Release|x64
		{2DDFD159-FF30-3964-8F44-56441FDD059D}.MinSizeRel|x64.ActiveCfg = MinSizeRel|x64
		{2DDFD159-FF30-3964-8F44-56441FDD059D}.MinSizeRel|x64.Build.0 = MinSizeRel|x64
		{2DDFD159-FF30-3964-8F44-56441FDD059D}.RelWithDebInfo|x64.ActiveCfg = RelWithDebInfo|x64
		{2DDFD159-FF30-3964-8F44-56441FDD059D}.RelWithDebInfo|x64.Build.0 = RelWithDebInfo|x64
		{8C74419E-E3B2-323D-9FFC-002823B71F96}.Debug|x64.ActiveCfg = Debug|x64
		{8C74419E-E3B2-323D-9FFC-002823B71F96}.Debug|x64.Build.0 = Debug|x64
		{8C74419E-E3B2-323D-9FFC-002823B71F96}.Release|x64.ActiveCfg = Release|x64
		{8C74419E-E3B2-323D-9FFC-002823B71F96}.Release|x64.Build.0 = Release|x64
		{8C74419E-E3B2-323D-9FFC-002823B71F96}.MinSizeRel|x64.ActiveCfg = MinSizeRel|x64
		{8C74419E-E3B2-323D-9FFC-002823B71F96}.MinSizeRel|x64.Build.0 = MinSizeRel|x64
		{8C74419E-E3B2-323D-9FFC-002823B71F96}.RelWithDebInfo|x64.ActiveCfg = RelWithDebInfo|x64
		{8C74419E-E3B2-323D-9FFC-002823B71F96}.RelWithDebInfo|x64.Build.0 = RelWithDebInfo|x64
		{E47CEFC6-5676-39C5-9A84-47EA522EC819}.Debug|x64.ActiveCfg = Debug|x64
		{E47CEFC6-5676-39C5-9A84-47EA522EC819}.Debug|x64.Build.0 = Debug|x64
		{E47CEFC6-5676-39C5-9A84-47EA522EC819}.Release|x64.ActiveCfg = Release|x64
		{E47CEFC6-5676-39C5-9A84-47EA522EC819}.Release|x64.Build.0 = Release|x64
		{E47CEFC6-5676-39C5-9A84-47EA522EC819}.MinSizeRel|x64.ActiveCfg = MinSizeRel|x64
		{E47CEFC6-5676-39C5-9A84-47EA522EC819}.MinSizeRel|x64.Build.0 = MinSizeRel|x64
		{E47CEFC6-5676-39C5-9A84-47EA522EC819}.RelWithDebInfo|x64.ActiveCfg = RelWithDebInfo|x64
		{E47CEFC6-5676-39C5-9A84-47EA522EC819}.RelWithDebInfo|x64.Build.0 = RelWithDebInfo|x64
		{50EB2512-31EA-32D5-87D3-67E4A8875B1C}.Debug|x64.ActiveCfg = Debug|x64
		{50EB2512-31EA-32D5-87D3-67E4A8875B1C}.Debug|x64.Build.0 = Debug|x64
		{50EB2512-31EA-32D5-87D3-67E4A8875B1C}.Release|x64.ActiveCfg = Release|x64
		{50EB2512-31EA-32D5-87D3-67E4A8875B1C}.Release|x64.Build.0 = Release|x64
		{50EB2512-31EA-32D5-87D3-67E4A8875B1C}.MinSizeRel|x64.ActiveCfg = MinSizeRel|x64
		{50EB2512-31EA-32D5-87D3-67E4A8875B1C}.MinSizeRel|x64.Build.0 = MinSizeRel|x64
		{50EB2512-31EA-32D5-87D3-67E4A8875B1C}.RelWithDebInfo|x64.ActiveCfg = RelWithDebInfo|x64
		{50EB2512-31EA-32D5-87D3-67E4A8875B1C}.RelWithDebInfo|x64.Build.0 = RelWithDebInfo|x64
		{29F66893-E4DE-30A6-99F0-66D1C733A90F}.Debug|x64.ActiveCfg = Debug|x64
		{29F66893-E4DE-30A6-99F0-66D1C733A90F}.Debug|x64.Build.0 = Debug|x64
		{29F66893-E4DE-30A6-99F0-66D1C733A90F}.Release|x64.ActiveCfg = Release|x64
		{29F66893-E4DE-30A6-99F0-66D1C733A90F}.Release|x64.Build.0 = Release|x64
		{29F66893-E4DE-30A6-99F0-66D1C733A90F}.MinSizeRel|x64.ActiveCfg = MinSizeRel|x64
		{29F66893-E4DE-30A6-99F0-66D1C733A90F}.MinSizeRel|x64.Build.0 = MinSizeRel|x64
		{29F66893-E4DE-30A6-99F0-66D1C733A90F}.RelWithDebInfo|x64.ActiveCfg = RelWithDebInfo|x64
		{29F66893-E4DE-30A6-99F0-66D1C733A90F}.RelWithDebInfo|x64.Build.0 = RelWithDebInfo|x64
		{17BC87C8-A56D-31B7-A111-736795F090FF}.Debug|x64.ActiveCfg = Debug|x64
		{17BC87C8-A56D-31B7-A111-736795F090FF}.Debug|x64.Build.0 = Debug|x64
		{17BC87C8-A56D-31B7-A111-736795F090FF}.Release|x64.ActiveCfg = Release|x64
		{17BC87C8-A56D-31B7-A111-736795F090FF}.Release|x64.Build.0 = Release|x64
		{17BC87C8-A56D-31B7-A111-736795F090FF}.MinSizeRel|x64.ActiveCfg = MinSizeRel|x64
		{17BC87C8-A56D-31B7-A111-736795F090FF}.MinSizeRel|x64.Build.0 = MinSizeRel|x64
		{17BC87C8-A56D-31B7-A111-736795F090FF}.RelWithDebInfo|x64.ActiveCfg = RelWithDebInfo|x64
		{17BC87C8-A56D-31B7-A111-736795F090FF}.RelWithDebInfo|x64.Build.0 = RelWithDebInfo|x64
		{0496BEF8-AAC7-35FA-9F59-B47132309910}.Debug|x64.ActiveCfg = Debug|x64
		{0496BEF8-AAC7-35FA-9F59-B47132309910}.Debug|x64.Build.0 = Debug|x64
		{0496BEF8-AAC7-35FA-9F59-B47132309910}.Release|x64.ActiveCfg = Release|x64
		{0496BEF8-AAC7-35FA-9F59-B47132309910}.Release|x64.Build.0 = Release|x64
		{0496BEF8-AAC7-35FA-9F59-B47132309910}.MinSizeRel|x64.ActiveCfg = MinSizeRel|x64
		{0496BEF8-AAC7-35FA-9F59-B47132309910}.MinSizeRel|x64.Build.0 = MinSizeRel|x64
		{0496BEF8-AAC7-35FA-9F59-B47132309910}.RelWithDebInfo|x64.ActiveCfg = RelWithDebInfo|x64
		{0496BEF8-AAC7-35FA-9F59-B47132309910}.RelWithDebInfo|x64.Build.0 = RelWithDebInfo|x64
		{494A2794-09F6-35E6-A33F-AB28C962C08A}.Debug|x64.ActiveCfg = Debug|x64
		{494A2794-09F6-35E6-A33F-AB28C962C08A}.Debug|x64.Build.0 = Debug|x64
		{494A2794-09F6-35E6-A33F-AB28C962C08A}.Release|x64.ActiveCfg = Release|x64
		{494A2794-09F6-35E6-A33F-AB28C962C08A}.Release|x64.Build.0 = Release|x64
		{494A2794-09F6-35E6-A33F-AB28C962C08A}.MinSizeRel|x64.ActiveCfg = MinSizeRel|x64
		{494A2794-09F6-35E6-A33F-AB28C962C08A}.MinSizeRel|x64.Build.0 = MinSizeRel|x64
		{494A2794-09F6-35E6-A33F-AB28C962C08A}.RelWithDebInfo|x64.ActiveCfg = RelWithDebInfo|x64
		{494A2794-09F6-35E6-A33F-AB28C962C08A}.RelWithDebInfo|x64.Build.0 = RelWithDebInfo|x64
		{7B6E50E3-8965-362B-91EA-241EED463659}.Debug|x64.ActiveCfg = Debug|x64
		{7B6E50E3-8965-362B-91EA-241EED463659}.Release|x64.ActiveCfg = Release|x64
		{7B6E50E3-8965-362B-91EA-241EED463659}.MinSizeRel|x64.ActiveCfg = MinSizeRel|x64
		{7B6E50E3-8965-362B-91EA-241EED463659}.RelWithDebInfo|x64.ActiveCfg = RelWithDebInfo|x64
		{9A39D5A0-D1F8-352D-A720-71CA833D3187}.Debug|x64.ActiveCfg = Debug|x64
		{9A39D5A0-D1F8-352D-A720-71CA833D3187}.Release|x64.ActiveCfg = Release|x64
		{9A39D5A0-D1F8-352D-A720-71CA833D3187}.MinSizeRel|x64.ActiveCfg = MinSizeRel|x64
		{9A39D5A0-D1F8-352D-A720-71CA833D3187}.RelWithDebInfo|x64.ActiveCfg = RelWithDebInfo|x64
		{9D91CEC7-0C4A-3240-94B4-1B1285F60833}.Debug|x64.ActiveCfg = Debug|x64
		{9D91CEC7-0C4A-3240-94B4-1B1285F60833}.Debug|x64.Build.0 = Debug|x64
		{9D91CEC7-0C4A-3240-94B4-1B1285F60833}.Release|x64.ActiveCfg = Release|x64
		{9D91CEC7-0C4A-3240-94B4-1B1285F60833}.Release|x64.Build.0 = Release|x64
		{9D91CEC7-0C4A-3240-94B4-1B1285F60833}.MinSizeRel|x64.ActiveCfg = MinSizeRel|x64
		{9D91CEC7-0C4A-3240-94B4-1B1285F60833}.MinSizeRel|x64.Build.0 = MinSizeRel|x64
		{9D91CEC7-0C4A-3240-94B4-1B1285F60833}.RelWithDebInfo|x64.ActiveCfg = RelWithDebInfo|x64
		{9D91CEC7-0C4A-3240-94B4-1B1285F60833}.RelWithDebInfo|x64.Build.0 = RelWithDebInfo|x64
		{7C33468F-065A-3DAE-939A-201EFDB65B4A}.Debug|x64.ActiveCfg = Debug|x64
		{7C33468F-065A-3DAE-939A-201EFDB65B4A}.Debug|x64.Build.0 = Debug|x64
		{7C33468F-065A-3DAE-939A-201EFDB65B4A}.Release|x64.ActiveCfg = Release|x64
		{7C33468F-065A-3DAE-939A-201EFDB65B4A}.Release|x64.Build.0 = Release|x64
		{7C33468F-065A-3DAE-939A-201EFDB65B4A}.MinSizeRel|x64.ActiveCfg = MinSizeRel|x64
		{7C33468F-065A-3DAE-939A-201EFDB65B4A}.MinSizeRel|x64.Build.0 = MinSizeRel|x64
		{7C33468F-065A-3DAE-939A-201EFDB65B4A}.RelWithDebInfo|x64.ActiveCfg = RelWithDebInfo|x64
		{7C33468F-065A-3DAE-939A-201EFDB65B4A}.RelWithDebInfo|x64.Build.0 = RelWithDebInfo|x64
		{083EB27C-DF42-3EBE-AE6C-25819EB12932}.Debug|x64.ActiveCfg = Debug|x64
		{083EB27C-DF42-3EBE-AE6C-25819EB12932}.Debug|x64.Build.0 = Debug|x64
		{083EB27C-DF42-3EBE-AE6C-25819EB12932}.Release|x64.ActiveCfg = Release|x64
		{083EB27C-DF42-3EBE-AE6C-25819EB12932}.Release|x64.Build.0 = Release|x64
		{083EB27C-DF42-3EBE-AE6C-25819EB12932}.MinSizeRel|x64.ActiveCfg = MinSizeRel|x64
		{083EB27C-DF42-3EBE-AE6C-25819EB12932}.MinSizeRel|x64.Build.0 = MinSizeRel|x64
		{083EB27C-DF42-3EBE-AE6C-25819EB12932}.RelWithDebInfo|x64.ActiveCfg = RelWithDebInfo|x64
		{083EB27C-DF42-3EBE-AE6C-25819EB12932}.RelWithDebInfo|x64.Build.0 = RelWithDebInfo|x64
		{A3018A4E-56F6-3F4C-9B74-545DF8D5CFCA}.Debug|x64.ActiveCfg = Debug|x64
		{A3018A4E-56F6-3F4C-9B74-545DF8D5CFCA}.Debug|x64.Build.0 = Debug|x64
		{A3018A4E-56F6-3F4C-9B74-545DF8D5CFCA}.Release|x64.ActiveCfg = Release|x64
		{A3018A4E-56F6-3F4C-9B74-545DF8D5CFCA}.Release|x64.Build.0 = Release|x64
		{A3018A4E-56F6-3F4C-9B74-545DF8D5CFCA}.MinSizeRel|x64.ActiveCfg = MinSizeRel|x64
		{A3018A4E-56F6-3F4C-9B74-545DF8D5CFCA}.MinSizeRel|x64.Build.0 = MinSizeRel|x64
		{A3018A4E-56F6-3F4C-9B74-545DF8D5CFCA}.RelWithDebInfo|x64.ActiveCfg = RelWithDebInfo|x64
		{A3018A4E-56F6-3F4C-9B74-545DF8D5CFCA}.RelWithDebInfo|x64.Build.0 = RelWithDebInfo|x64
		{AA5C00DB-AC16-3FEE-BF6E-FA2C8DE39657}.Debug|x64.ActiveCfg = Debug|x64
		{AA5C00DB-AC16-3FEE-BF6E-FA2C8DE39657}.Debug|x64.Build.0 = Debug|x64
		{AA5C00DB-AC16-3FEE-BF6E-FA2C8DE39657}.Release|x64.ActiveCfg = Release|x64
		{AA5C00DB-AC16-3FEE-BF6E-FA2C8DE39657}.Release|x64.Build.0 = Release|x64
		{AA5C00DB-AC16-3FEE-BF6E-FA2C8DE39657}.MinSizeRel|x64.ActiveCfg = MinSizeRel|x64
		{AA5C00DB-AC16-3FEE-BF6E-FA2C8DE39657}.MinSizeRel|x64.Build.0 = MinSizeRel|x64
		{AA5C00DB-AC16-3FEE-BF6E-FA2C8DE39657}.RelWithDebInfo|x64.ActiveCfg = RelWithDebInfo|x64
		{AA5C00DB-AC16-3FEE-BF6E-FA2C8DE39657}.RelWithDebInfo|x64.Build.0 = RelWithDebInfo|x64
		{38170F60-CBDB-388A-A775-BF88E6356455}.Debug|x64.ActiveCfg = Debug|x64
		{38170F60-CBDB-388A-A775-BF88E6356455}.Debug|x64.Build.0 = Debug|x64
		{38170F60-CBDB-388A-A775-BF88E6356455}.Release|x64.ActiveCfg = Release|x64
		{38170F60-CBDB-388A-A775-BF88E6356455}.Release|x64.Build.0 = Release|x64
		{38170F60-CBDB-388A-A775-BF88E6356455}.MinSizeRel|x64.ActiveCfg = MinSizeRel|x64
		{38170F60-CBDB-388A-A775-BF88E6356455}.MinSizeRel|x64.Build.0 = MinSizeRel|x64
		{38170F60-CBDB-388A-A775-BF88E6356455}.RelWithDebInfo|x64.ActiveCfg = RelWithDebInfo|x64
		{38170F60-CBDB-388A-A775-BF88E6356455}.RelWithDebInfo|x64.Build.0 = RelWithDebInfo|x64
		{2C15980F-5CD3-331E-8CF8-55AA8948D134}.Debug|x64.ActiveCfg = Debug|x64
		{2C15980F-5CD3-331E-8CF8-55AA8948D134}.Debug|x64.Build.0 = Debug|x64
		{2C15980F-5CD3-331E-8CF8-55AA8948D134}.Release|x64.ActiveCfg = Release|x64
		{2C15980F-5CD3-331E-8CF8-55AA8948D134}.Release|x64.Build.0 = Release|x64
		{2C15980F-5CD3-331E-8CF8-55AA8948D134}.MinSizeRel|x64.ActiveCfg = MinSizeRel|x64
		{2C15980F-5CD3-331E-8CF8-55AA8948D134}.MinSizeRel|x64.Build.0 = MinSizeRel|x64
		{2C15980F-5CD3-331E-8CF8-55AA8948D134}.RelWithDebInfo|x64.ActiveCfg = RelWithDebInfo|x64
		{2C15980F-5CD3-331E-8CF8-55AA8948D134}.RelWithDebInfo|x64.Build.0 = RelWithDebInfo|x64
		{25086E74-FCE4-3404-A004-1581B9861901}.Debug|x64.ActiveCfg = Debug|x64
		{25086E74-FCE4-3404-A004-1581B9861901}.Release|x64.ActiveCfg = Release|x64
		{25086E74-FCE4-3404-A004-1581B9861901}.MinSizeRel|x64.ActiveCfg = MinSizeRel|x64
		{25086E74-FCE4-3404-A004-1581B9861901}.RelWithDebInfo|x64.ActiveCfg = RelWithDebInfo|x64
		{F916A0D8-DE6A-3D4C-A040-7DBE94FFC514}.Debug|x64.ActiveCfg = Debug|x64
		{F916A0D8-DE6A-3D4C-A040-7DBE94FFC514}.Debug|x64.Build.0 = Debug|x64
		{F916A0D8-DE6A-3D4C-A040-7DBE94FFC514}.Release|x64.ActiveCfg = Release|x64
		{F916A0D8-DE6A-3D4C-A040-7DBE94FFC514}.Release|x64.Build.0 = Release|x64
		{F916A0D8-DE6A-3D4C-A040-7DBE94FFC514}.MinSizeRel|x64.ActiveCfg = MinSizeRel|x64
		{F916A0D8-DE6A-3D4C-A040-7DBE94FFC514}.MinSizeRel|x64.Build.0 = MinSizeRel|x64
		{F916A0D8-DE6A-3D4C-A040-7DBE94FFC514}.RelWithDebInfo|x64.ActiveCfg = RelWithDebInfo|x64
		{F916A0D8-DE6A-3D4C-A040-7DBE94FFC514}.RelWithDebInfo|x64.Build.0 = RelWithDebInfo|x64
		{9BC6E2B1-98D4-38BB-A2E4-9266F574433A}.Debug|x64.ActiveCfg = Debug|x64
		{9BC6E2B1-98D4-38BB-A2E4-9266F574433A}.Debug|x64.Build.0 = Debug|x64
		{9BC6E2B1-98D4-38BB-A2E4-9266F574433A}.Release|x64.ActiveCfg = Release|x64
		{9BC6E2B1-98D4-38BB-A2E4-9266F574433A}.Release|x64.Build.0 = Release|x64
		{9BC6E2B1-98D4-38BB-A2E4-9266F574433A}.MinSizeRel|x64.ActiveCfg = MinSizeRel|x64
		{9BC6E2B1-98D4-38BB-A2E4-9266F574433A}.MinSizeRel|x64.Build.0 = MinSizeRel|x64
		{9BC6E2B1-98D4-38BB-A2E4-9266F574433A}.RelWithDebInfo|x64.ActiveCfg = RelWithDebInfo|x64
		{9BC6E2B1-98D4-38BB-A2E4-9266F574433A}.RelWithDebInfo|x64.Build.0 = RelWithDebInfo|x64
		{A25971A3-3793-36A0-BFE3-A9D3C94C347F}.Debug|x64.ActiveCfg = Debug|x64
		{A25971A3-3793-36A0-BFE3-A9D3C94C347F}.Debug|x64.Build.0 = Debug|x64
		{A25971A3-3793-36A0-BFE3-A9D3C94C347F}.Release|x64.ActiveCfg = Release|x64
		{A25971A3-3793-36A0-BFE3-A9D3C94C347F}.Release|x64.Build.0 = Release|x64
		{A25971A3-3793-36A0-BFE3-A9D3C94C347F}.MinSizeRel|x64.ActiveCfg = MinSizeRel|x64
		{A25971A3-3793-36A0-BFE3-A9D3C94C347F}.MinSizeRel|x64.Build.0 = MinSizeRel|x64
		{A25971A3-3793-36A0-BFE3-A9D3C94C347F}.RelWithDebInfo|x64.ActiveCfg = RelWithDebInfo|x64
		{A25971A3-3793-36A0-BFE3-A9D3C94C347F}.RelWithDebInfo|x64.Build.0 = RelWithDebInfo|x64
		{39735D07-22E9-39B2-8660-E567C3C04A41}.Debug|x64.ActiveCfg = Debug|x64
		{39735D07-22E9-39B2-8660-E567C3C04A41}.Debug|x64.Build.0 = Debug|x64
		{39735D07-22E9-39B2-8660-E567C3C04A41}.Release|x64.ActiveCfg = Release|x64
		{39735D07-22E9-39B2-8660-E567C3C04A41}.Release|x64.Build.0 = Release|x64
		{39735D07-22E9-39B2-8660-E567C3C04A41}.MinSizeRel|x64.ActiveCfg = MinSizeRel|x64
		{39735D07-22E9-39B2-8660-E567C3C04A41}.MinSizeRel|x64.Build.0 = MinSizeRel|x64
		{39735D07-22E9-39B2-8660-E567C3C04A41}.RelWithDebInfo|x64.ActiveCfg = RelWithDebInfo|x64
		{39735D07-22E9-39B2-8660-E567C3C04A41}.RelWithDebInfo|x64.Build.0 = RelWithDebInfo|x64
		{D0369925-06C0-3634-B834-84BEE39FF2E9}.Debug|x64.ActiveCfg = Debug|x64
		{D0369925-06C0-3634-B834-84BEE39FF2E9}.Debug|x64.Build.0 = Debug|x64
		{D0369925-06C0-3634-B834-84BEE39FF2E9}.Release|x64.ActiveCfg = Release|x64
		{D0369925-06C0-3634-B834-84BEE39FF2E9}.Release|x64.Build.0 = Release|x64
		{D0369925-06C0-3634-B834-84BEE39FF2E9}.MinSizeRel|x64.ActiveCfg = MinSizeRel|x64
		{D0369925-06C0-3634-B834-84BEE39FF2E9}.MinSizeRel|x64.Build.0 = MinSizeRel|x64
		{D0369925-06C0-3634-B834-84BEE39FF2E9}.RelWithDebInfo|x64.ActiveCfg = RelWithDebInfo|x64
		{D0369925-06C0-3634-B834-84BEE39FF2E9}.RelWithDebInfo|x64.Build.0 = RelWithDebInfo|x64
		{357C0E01-C26D-3CF8-87E2-0BA7E96121EA}.Debug|x64.ActiveCfg = Debug|x64
		{357C0E01-C26D-3CF8-87E2-0BA7E96121EA}.Debug|x64.Build.0 = Debug|x64
		{357C0E01-C26D-3CF8-87E2-0BA7E96121EA}.Release|x64.ActiveCfg = Release|x64
		{357C0E01-C26D-3CF8-87E2-0BA7E96121EA}.Release|x64.Build.0 = Release|x64
		{357C0E01-C26D-3CF8-87E2-0BA7E96121EA}.MinSizeRel|x64.ActiveCfg = MinSizeRel|x64
		{357C0E01-C26D-3CF8-87E2-0BA7E96121EA}.MinSizeRel|x64.Build.0 = MinSizeRel|x64
		{357C0E01-C26D-3CF8-87E2-0BA7E96121EA}.RelWithDebInfo|x64.ActiveCfg = RelWithDebInfo|x64
		{357C0E01-C26D-3CF8-87E2-0BA7E96121EA}.RelWithDebInfo|x64.Build.0 = RelWithDebInfo|x64
		{610076E5-14D5-38B9-B72F-102ED3A0A68D}.Debug|x64.ActiveCfg = Debug|x64
		{610076E5-14D5-38B9-B72F-102ED3A0A68D}.Debug|x64.Build.0 = Debug|x64
		{610076E5-14D5-38B9-B72F-102ED3A0A68D}.Release|x64.ActiveCfg = Release|x64
		{610076E5-14D5-38B9-B72F-102ED3A0A68D}.Release|x64.Build.0 = Release|x64
		{610076E5-14D5-38B9-B72F-102ED3A0A68D}.MinSizeRel|x64.ActiveCfg = MinSizeRel|x64
		{610076E5-14D5-38B9-B72F-102ED3A0A68D}.MinSizeRel|x64.Build.0 = MinSizeRel|x64
		{610076E5-14D5-38B9-B72F-102ED3A0A68D}.RelWithDebInfo|x64.ActiveCfg = RelWithDebInfo|x64
		{610076E5-14D5-38B9-B72F-102ED3A0A68D}.RelWithDebInfo|x64.Build.0 = RelWithDebInfo|x64
		{4FC656E6-6195-3B1C-BAD7-FC456C9FA610}.Debug|x64.ActiveCfg = Debug|x64
		{4FC656E6-6195-3B1C-BAD7-FC456C9FA610}.Debug|x64.Build.0 = Debug|x64
		{4FC656E6-6195-3B1C-BAD7-FC456C9FA610}.Release|x64.ActiveCfg = Release|x64
		{4FC656E6-6195-3B1C-BAD7-FC456C9FA610}.Release|x64.Build.0 = Release|x64
		{4FC656E6-6195-3B1C-BAD7-FC456C9FA610}.MinSizeRel|x64.ActiveCfg = MinSizeRel|x64
		{4FC656E6-6195-3B1C-BAD7-FC456C9FA610}.MinSizeRel|x64.Build.0 = MinSizeRel|x64
		{4FC656E6-6195-3B1C-BAD7-FC456C9FA610}.RelWithDebInfo|x64.ActiveCfg = RelWithDebInfo|x64
		{4FC656E6-6195-3B1C-BAD7-FC456C9FA610}.RelWithDebInfo|x64.Build.0 = RelWithDebInfo|x64
		{422FFA9E-2FE1-3320-8F36-28C1B1478B6F}.Debug|x64.ActiveCfg = Debug|x64
		{422FFA9E-2FE1-3320-8F36-28C1B1478B6F}.Debug|x64.Build.0 = Debug|x64
		{422FFA9E-2FE1-3320-8F36-28C1B1478B6F}.Release|x64.ActiveCfg = Release|x64
		{422FFA9E-2FE1-3320-8F36-28C1B1478B6F}.Release|x64.Build.0 = Release|x64
		{422FFA9E-2FE1-3320-8F36-28C1B1478B6F}.MinSizeRel|x64.ActiveCfg = MinSizeRel|x64
		{422FFA9E-2FE1-3320-8F36-28C1B1478B6F}.MinSizeRel|x64.Build.0 = MinSizeRel|x64
		{422FFA9E-2FE1-3320-8F36-28C1B1478B6F}.RelWithDebInfo|x64.ActiveCfg = RelWithDebInfo|x64
		{422FFA9E-2FE1-3320-8F36-28C1B1478B6F}.RelWithDebInfo|x64.Build.0 = RelWithDebInfo|x64
		{086A290C-40F9-3775-A925-14DF75C9014D}.Debug|x64.ActiveCfg = Debug|x64
		{086A290C-40F9-3775-A925-14DF75C9014D}.Debug|x64.Build.0 = Debug|x64
		{086A290C-40F9-3775-A925-14DF75C9014D}.Release|x64.ActiveCfg = Release|x64
		{086A290C-40F9-3775-A925-14DF75C9014D}.Release|x64.Build.0 = Release|x64
		{086A290C-40F9-3775-A925-14DF75C9014D}.MinSizeRel|x64.ActiveCfg = MinSizeRel|x64
		{086A290C-40F9-3775-A925-14DF75C9014D}.MinSizeRel|x64.Build.0 = MinSizeRel|x64
		{086A290C-40F9-3775-A925-14DF75C9014D}.RelWithDebInfo|x64.ActiveCfg = RelWithDebInfo|x64
		{086A290C-40F9-3775-A925-14DF75C9014D}.RelWithDebInfo|x64.Build.0 = RelWithDebInfo|x64
		{92BA424C-59C0-3E86-A08A-09436C4ED2D8}.Debug|x64.ActiveCfg = Debug|x64
		{92BA424C-59C0-3E86-A08A-09436C4ED2D8}.Debug|x64.Build.0 = Debug|x64
		{92BA424C-59C0-3E86-A08A-09436C4ED2D8}.Release|x64.ActiveCfg = Release|x64
		{92BA424C-59C0-3E86-A08A-09436C4ED2D8}.Release|x64.Build.0 = Release|x64
		{92BA424C-59C0-3E86-A08A-09436C4ED2D8}.MinSizeRel|x64.ActiveCfg = MinSizeRel|x64
		{92BA424C-59C0-3E86-A08A-09436C4ED2D8}.MinSizeRel|x64.Build.0 = MinSizeRel|x64
		{92BA424C-59C0-3E86-A08A-09436C4ED2D8}.RelWithDebInfo|x64.ActiveCfg = RelWithDebInfo|x64
		{92BA424C-59C0-3E86-A08A-09436C4ED2D8}.RelWithDebInfo|x64.Build.0 = RelWithDebInfo|x64
		{3621E2C6-02E1-3582-BAEA-A1206D5AD0E9}.Debug|x64.ActiveCfg = Debug|x64
		{3621E2C6-02E1-3582-BAEA-A1206D5AD0E9}.Debug|x64.Build.0 = Debug|x64
		{3621E2C6-02E1-3582-BAEA-A1206D5AD0E9}.Release|x64.ActiveCfg = Release|x64
		{3621E2C6-02E1-3582-BAEA-A1206D5AD0E9}.Release|x64.Build.0 = Release|x64
		{3621E2C6-02E1-3582-BAEA-A1206D5AD0E9}.MinSizeRel|x64.ActiveCfg = MinSizeRel|x64
		{3621E2C6-02E1-3582-BAEA-A1206D5AD0E9}.MinSizeRel|x64.Build.0 = MinSizeRel|x64
		{3621E2C6-02E1-3582-BAEA-A1206D5AD0E9}.RelWithDebInfo|x64.ActiveCfg = RelWithDebInfo|x64
		{3621E2C6-02E1-3582-BAEA-A1206D5AD0E9}.RelWithDebInfo|x64.Build.0 = RelWithDebInfo|x64
		{1AD609CB-1B0B-34D0-B8A3-749F9FC02262}.Debug|x64.ActiveCfg = Debug|x64
		{1AD609CB-1B0B-34D0-B8A3-749F9FC02262}.Debug|x64.Build.0 = Debug|x64
		{1AD609CB-1B0B-34D0-B8A3-749F9FC02262}.Release|x64.ActiveCfg = Release|x64
		{1AD609CB-1B0B-34D0-B8A3-749F9FC02262}.Release|x64.Build.0 = Release|x64
		{1AD609CB-1B0B-34D0-B8A3-749F9FC02262}.MinSizeRel|x64.ActiveCfg = MinSizeRel|x64
		{1AD609CB-1B0B-34D0-B8A3-749F9FC02262}.MinSizeRel|x64.Build.0 = MinSizeRel|x64
		{1AD609CB-1B0B-34D0-B8A3-749F9FC02262}.RelWithDebInfo|x64.ActiveCfg = RelWithDebInfo|x64
		{1AD609CB-1B0B-34D0-B8A3-749F9FC02262}.RelWithDebInfo|x64.Build.0 = RelWithDebInfo|x64
		{56052C93-F665-3C8C-BA6F-9DD5D935CA49}.Debug|x64.ActiveCfg = Debug|x64
		{56052C93-F665-3C8C-BA6F-9DD5D935CA49}.Debug|x64.Build.0 = Debug|x64
		{56052C93-F665-3C8C-BA6F-9DD5D935CA49}.Release|x64.ActiveCfg = Release|x64
		{56052C93-F665-3C8C-BA6F-9DD5D935CA49}.Release|x64.Build.0 = Release|x64
		{56052C93-F665-3C8C-BA6F-9DD5D935CA49}.MinSizeRel|x64.ActiveCfg = MinSizeRel|x64
		{56052C93-F665-3C8C-BA6F-9DD5D935CA49}.MinSizeRel|x64.Build.0 = MinSizeRel|x64
		{56052C93-F665-3C8C-BA6F-9DD5D935CA49}.RelWithDebInfo|x64.ActiveCfg = RelWithDebInfo|x64
		{56052C93-F665-3C8C-BA6F-9DD5D935CA49}.RelWithDebInfo|x64.Build.0 = RelWithDebInfo|x64
		{A63E7337-6FA4-3A5C-97CF-9AA0E50994AD}.Debug|x64.ActiveCfg = Debug|x64
		{A63E7337-6FA4-3A5C-97CF-9AA0E50994AD}.Debug|x64.Build.0 = Debug|x64
		{A63E7337-6FA4-3A5C-97CF-9AA0E50994AD}.Release|x64.ActiveCfg = Release|x64
		{A63E7337-6FA4-3A5C-97CF-9AA0E50994AD}.Release|x64.Build.0 = Release|x64
		{A63E7337-6FA4-3A5C-97CF-9AA0E50994AD}.MinSizeRel|x64.ActiveCfg = MinSizeRel|x64
		{A63E7337-6FA4-3A5C-97CF-9AA0E50994AD}.MinSizeRel|x64.Build.0 = MinSizeRel|x64
		{A63E7337-6FA4-3A5C-97CF-9AA0E50994AD}.RelWithDebInfo|x64.ActiveCfg = RelWithDebInfo|x64
		{A63E7337-6FA4-3A5C-97CF-9AA0E50994AD}.RelWithDebInfo|x64.Build.0 = RelWithDebInfo|x64
		{50C7B0B9-7EC4-3453-AAAF-7FE16AA8A03C}.Debug|x64.ActiveCfg = Debug|x64
		{50C7B0B9-7EC4-3453-AAAF-7FE16AA8A03C}.Debug|x64.Build.0 = Debug|x64
		{50C7B0B9-7EC4-3453-AAAF-7FE16AA8A03C}.Release|x64.ActiveCfg = Release|x64
		{50C7B0B9-7EC4-3453-AAAF-7FE16AA8A03C}.Release|x64.Build.0 = Release|x64
		{50C7B0B9-7EC4-3453-AAAF-7FE16AA8A03C}.MinSizeRel|x64.ActiveCfg = MinSizeRel|x64
		{50C7B0B9-7EC4-3453-AAAF-7FE16AA8A03C}.MinSizeRel|x64.Build.0 = MinSizeRel|x64
		{50C7B0B9-7EC4-3453-AAAF-7FE16AA8A03C}.RelWithDebInfo|x64.ActiveCfg = RelWithDebInfo|x64
		{50C7B0B9-7EC4-3453-AAAF-7FE16AA8A03C}.RelWithDebInfo|x64.Build.0 = RelWithDebInfo|x64
		{212A1B6B-1EA2-3E0B-A13E-7650402CE6B9}.Debug|x64.ActiveCfg = Debug|x64
		{212A1B6B-1EA2-3E0B-A13E-7650402CE6B9}.Debug|x64.Build.0 = Debug|x64
		{212A1B6B-1EA2-3E0B-A13E-7650402CE6B9}.Release|x64.ActiveCfg = Release|x64
		{212A1B6B-1EA2-3E0B-A13E-7650402CE6B9}.Release|x64.Build.0 = Release|x64
		{212A1B6B-1EA2-3E0B-A13E-7650402CE6B9}.MinSizeRel|x64.ActiveCfg = MinSizeRel|x64
		{212A1B6B-1EA2-3E0B-A13E-7650402CE6B9}.MinSizeRel|x64.Build.0 = MinSizeRel|x64
		{212A1B6B-1EA2-3E0B-A13E-7650402CE6B9}.RelWithDebInfo|x64.ActiveCfg = RelWithDebInfo|x64
		{212A1B6B-1EA2-3E0B-A13E-7650402CE6B9}.RelWithDebInfo|x64.Build.0 = RelWithDebInfo|x64
		{037640F2-5AFB-3E24-8288-397C132FA956}.Debug|x64.ActiveCfg = Debug|x64
		{037640F2-5AFB-3E24-8288-397C132FA956}.Debug|x64.Build.0 = Debug|x64
		{037640F2-5AFB-3E24-8288-397C132FA956}.Release|x64.ActiveCfg = Release|x64
		{037640F2-5AFB-3E24-8288-397C132FA956}.Release|x64.Build.0 = Release|x64
		{037640F2-5AFB-3E24-8288-397C132FA956}.MinSizeRel|x64.ActiveCfg = MinSizeRel|x64
		{037640F2-5AFB-3E24-8288-397C132FA956}.MinSizeRel|x64.Build.0 = MinSizeRel|x64
		{037640F2-5AFB-3E24-8288-397C132FA956}.RelWithDebInfo|x64.ActiveCfg = RelWithDebInfo|x64
		{037640F2-5AFB-3E24-8288-397C132FA956}.RelWithDebInfo|x64.Build.0 = RelWithDebInfo|x64
		{0BBDEEA4-DE63-358B-8308-0921EA626764}.Debug|x64.ActiveCfg = Debug|x64
		{0BBDEEA4-DE63-358B-8308-0921EA626764}.Debug|x64.Build.0 = Debug|x64
		{0BBDEEA4-DE63-358B-8308-0921EA626764}.Release|x64.ActiveCfg = Release|x64
		{0BBDEEA4-DE63-358B-8308-0921EA626764}.Release|x64.Build.0 = Release|x64
		{0BBDEEA4-DE63-358B-8308-0921EA626764}.MinSizeRel|x64.ActiveCfg = MinSizeRel|x64
		{0BBDEEA4-DE63-358B-8308-0921EA626764}.MinSizeRel|x64.Build.0 = MinSizeRel|x64
		{0BBDEEA4-DE63-358B-8308-0921EA626764}.RelWithDebInfo|x64.ActiveCfg = RelWithDebInfo|x64
		{0BBDEEA4-DE63-358B-8308-0921EA626764}.RelWithDebInfo|x64.Build.0 = RelWithDebInfo|x64
		{C6919792-F67C-30FF-9FC5-48C48A93D636}.Debug|x64.ActiveCfg = Debug|x64
		{C6919792-F67C-30FF-9FC5-48C48A93D636}.Debug|x64.Build.0 = Debug|x64
		{C6919792-F67C-30FF-9FC5-48C48A93D636}.Release|x64.ActiveCfg = Release|x64
		{C6919792-F67C-30FF-9FC5-48C48A93D636}.Release|x64.Build.0 = Release|x64
		{C6919792-F67C-30FF-9FC5-48C48A93D636}.MinSizeRel|x64.ActiveCfg = MinSizeRel|x64
		{C6919792-F67C-30FF-9FC5-48C48A93D636}.MinSizeRel|x64.Build.0 = MinSizeRel|x64
		{C6919792-F67C-30FF-9FC5-48C48A93D636}.RelWithDebInfo|x64.ActiveCfg = RelWithDebInfo|x64
		{C6919792-F67C-30FF-9FC5-48C48A93D636}.RelWithDebInfo|x64.Build.0 = RelWithDebInfo|x64
		{1872F6D6-CD3D-375B-92D5-1780D54EDCAB}.Debug|x64.ActiveCfg = Debug|x64
		{1872F6D6-CD3D-375B-92D5-1780D54EDCAB}.Debug|x64.Build.0 = Debug|x64
		{1872F6D6-CD3D-375B-92D5-1780D54EDCAB}.Release|x64.ActiveCfg = Release|x64
		{1872F6D6-CD3D-375B-92D5-1780D54EDCAB}.Release|x64.Build.0 = Release|x64
		{1872F6D6-CD3D-375B-92D5-1780D54EDCAB}.MinSizeRel|x64.ActiveCfg = MinSizeRel|x64
		{1872F6D6-CD3D-375B-92D5-1780D54EDCAB}.MinSizeRel|x64.Build.0 = MinSizeRel|x64
		{1872F6D6-CD3D-375B-92D5-1780D54EDCAB}.RelWithDebInfo|x64.ActiveCfg = RelWithDebInfo|x64
		{1872F6D6-CD3D-375B-92D5-1780D54EDCAB}.RelWithDebInfo|x64.Build.0 = RelWithDebInfo|x64
		{827F31CA-389B-3253-96AF-40A798975384}.Debug|x64.ActiveCfg = Debug|x64
		{827F31CA-389B-3253-96AF-40A798975384}.Debug|x64.Build.0 = Debug|x64
		{827F31CA-389B-3253-96AF-40A798975384}.Release|x64.ActiveCfg = Release|x64
		{827F31CA-389B-3253-96AF-40A798975384}.Release|x64.Build.0 = Release|x64
		{827F31CA-389B-3253-96AF-40A798975384}.MinSizeRel|x64.ActiveCfg = MinSizeRel|x64
		{827F31CA-389B-3253-96AF-40A798975384}.MinSizeRel|x64.Build.0 = MinSizeRel|x64
		{827F31CA-389B-3253-96AF-40A798975384}.RelWithDebInfo|x64.ActiveCfg = RelWithDebInfo|x64
		{827F31CA-389B-3253-96AF-40A798975384}.RelWithDebInfo|x64.Build.0 = RelWithDebInfo|x64
		{5EE0075B-6303-31C6-83EC-A044A6A79811}.Debug|x64.ActiveCfg = Debug|x64
		{5EE0075B-6303-31C6-83EC-A044A6A79811}.Debug|x64.Build.0 = Debug|x64
		{5EE0075B-6303-31C6-83EC-A044A6A79811}.Release|x64.ActiveCfg = Release|x64
		{5EE0075B-6303-31C6-83EC-A044A6A79811}.Release|x64.Build.0 = Release|x64
		{5EE0075B-6303-31C6-83EC-A044A6A79811}.MinSizeRel|x64.ActiveCfg = MinSizeRel|x64
		{5EE0075B-6303-31C6-83EC-A044A6A79811}.MinSizeRel|x64.Build.0 = MinSizeRel|x64
		{5EE0075B-6303-31C6-83EC-A044A6A79811}.RelWithDebInfo|x64.ActiveCfg = RelWithDebInfo|x64
		{5EE0075B-6303-31C6-83EC-A044A6A79811}.RelWithDebInfo|x64.Build.0 = RelWithDebInfo|x64
		{5B290EAE-7E9D-3ECA-A80B-C875E2550719}.Debug|x64.ActiveCfg = Debug|x64
		{5B290EAE-7E9D-3ECA-A80B-C875E2550719}.Debug|x64.Build.0 = Debug|x64
		{5B290EAE-7E9D-3ECA-A80B-C875E2550719}.Release|x64.ActiveCfg = Release|x64
		{5B290EAE-7E9D-3ECA-A80B-C875E2550719}.Release|x64.Build.0 = Release|x64
		{5B290EAE-7E9D-3ECA-A80B-C875E2550719}.MinSizeRel|x64.ActiveCfg = MinSizeRel|x64
		{5B290EAE-7E9D-3ECA-A80B-C875E2550719}.MinSizeRel|x64.Build.0 = MinSizeRel|x64
		{5B290EAE-7E9D-3ECA-A80B-C875E2550719}.RelWithDebInfo|x64.ActiveCfg = RelWithDebInfo|x64
		{5B290EAE-7E9D-3ECA-A80B-C875E2550719}.RelWithDebInfo|x64.Build.0 = RelWithDebInfo|x64
		{80A6991E-091D-37FA-BC5A-0F98447D28C5}.Debug|x64.ActiveCfg = Debug|x64
		{80A6991E-091D-37FA-BC5A-0F98447D28C5}.Debug|x64.Build.0 = Debug|x64
		{80A6991E-091D-37FA-BC5A-0F98447D28C5}.Release|x64.ActiveCfg = Release|x64
		{80A6991E-091D-37FA-BC5A-0F98447D28C5}.Release|x64.Build.0 = Release|x64
		{80A6991E-091D-37FA-BC5A-0F98447D28C5}.MinSizeRel|x64.ActiveCfg = MinSizeRel|x64
		{80A6991E-091D-37FA-BC5A-0F98447D28C5}.MinSizeRel|x64.Build.0 = MinSizeRel|x64
		{80A6991E-091D-37FA-BC5A-0F98447D28C5}.RelWithDebInfo|x64.ActiveCfg = RelWithDebInfo|x64
		{80A6991E-091D-37FA-BC5A-0F98447D28C5}.RelWithDebInfo|x64.Build.0 = RelWithDebInfo|x64
	EndGlobalSection
	GlobalSection(ExtensibilityGlobals) = postSolution
		SolutionGuid = {71FAAC29-5C87-3BA6-B991-99362BD0B603}
	EndGlobalSection
	GlobalSection(ExtensibilityAddIns) = postSolution
	EndGlobalSection
EndGlobal
