<?xml version="1.0" encoding="utf-8"?>
<Project ToolsVersion="16.0" xmlns="http://schemas.microsoft.com/developer/msbuild/2003">
  <ItemGroup>
    <CustomBuild Include="C:\Users\FredericDelhoume\Downloads\srcvliv2.5.2\plugins\internal\tiff-4.3.0\CMakeFiles\d90743f960c0291214194f22f2c3038f\RUN_TESTS_force.rule">
      <Filter>CMake Rules</Filter>
    </CustomBuild>
  </ItemGroup>
  <ItemGroup>
    <Filter Include="CMake Rules">
      <UniqueIdentifier>{1FB2DC46-397D-3DB3-9D95-84804B3B46BF}</UniqueIdentifier>
    </Filter>
  </ItemGroup>
</Project>
